dependencies:
  0xjmux/tetris:
    component_hash: null
    source:
      path: /home/jmux/Github/Neopixel-Matrix-Tetris-Project/neopix-tetris-repo-2/components/tetris
      type: local
    version: 1.0.0
  idf:
    component_hash: null
    source:
      type: idf
    version: 5.2.1
  neopixel:
    component_hash: null
    source:
      path: /home/jmux/Github/Neopixel-Matrix-Tetris-Project/neopix-tetris-repo-2/components/neopixel
      type: local
    version: 1.0.4
  neopixel_display:
    component_hash: null
    source:
      path: /home/jmux/Github/Neopixel-Matrix-Tetris-Project/neopix-tetris-repo-2/components/neopixel_display
      type: local
    version: '*'
manifest_hash: abd2b873baa03f20b0d8c0a57a1a113f9c264c4e84ce67f7fd5f93f401bcfdcc
target: esp32
version: 1.0.0
