dependencies:
  0xjmux/tetris:
    component_hash: null
    source:
      path: /home/jmux/Github/Neopixel-Matrix-Tetris-Project/esp32-neopixel-tetris/components/tetris
      type: local
    version: 1.0.0
  idf:
    component_hash: null
    source:
      type: idf
    version: 5.2.1
  neopixel:
    component_hash: null
    source:
      path: /home/jmux/Github/Neopixel-Matrix-Tetris-Project/esp32-neopixel-tetris/components/neopixel
      type: local
    version: 1.0.5
  neopixel_display:
    component_hash: null
    source:
      path: /home/jmux/Github/Neopixel-Matrix-Tetris-Project/esp32-neopixel-tetris/components/neopixel_display
      type: local
    version: '*'
manifest_hash: bb8fb8a3299d27e7c9bea6ddb5e85593d5e0dc20387ad524e4a358f6c60d3b7f
target: esp32s3
version: 1.0.0
