dependencies:
  idf:
    component_hash: null
    source:
      type: idf
    version: 5.2.1
  zorxx/neopixel:
    component_hash: 85205543f8247bf269cc4db35522ff602cd24f40ccd9e840782c0ed792163fd9
    source:
      service_url: https://api.components.espressif.com/
      type: service
    version: 1.0.4
manifest_hash: c49d0950f42d0c3ea5fabe8d5fdd6bf5081ce8feaff728da6bcae3bdaf8bfb82
target: esp32s3
version: 1.0.0
